
Microsoft Visual Studio Solution File, Format Version 12.00
# Visual Studio Version 17
VisualStudioVersion = 17.8.34408.163
MinimumVisualStudioVersion = 10.0.40219.1
Project("{FAE04EC0-301F-11D3-BF4B-00C04F79EFBC}") = "LanguageFeatures", "LanguageFeatures\LanguageFeatures.csproj", "{B13CFAE2-693A-4B12-A0AC-CDA33078355E}"
EndProject
Global
	GlobalSection(SolutionConfigurationPlatforms) = preSolution
		Debug|Any CPU = Debug|Any CPU
		Release|Any CPU = Release|Any CPU
	EndGlobalSection
	GlobalSection(ProjectConfigurationPlatforms) = postSolution
		{B13CFAE2-693A-4B12-A0AC-CDA33078355E}.Debug|Any CPU.ActiveCfg = Debug|Any CPU
		{B13CFAE2-693A-4B12-A0AC-CDA33078355E}.Debug|Any CPU.Build.0 = Debug|Any CPU
		{B13CFAE2-693A-4B12-A0AC-CDA33078355E}.Release|Any CPU.ActiveCfg = Release|Any CPU
		{B13CFAE2-693A-4B12-A0AC-CDA33078355E}.Release|Any CPU.Build.0 = Release|Any CPU
	EndGlobalSection
	GlobalSection(SolutionProperties) = preSolution
		HideSolutionNode = FALSE
	EndGlobalSection
	GlobalSection(ExtensibilityGlobals) = postSolution
		SolutionGuid = {C297B70F-B941-4202-88BD-061967215DD3}
	EndGlobalSection
EndGlobal
