
Microsoft Visual Studio Solution File, Format Version 12.00
# Visual Studio Version 17
VisualStudioVersion = 17.8.34511.84
MinimumVisualStudioVersion = 10.0.40219.1
Project("{FAE04EC0-301F-11D3-BF4B-00C04F79EFBC}") = "Razor", "Razor\Razor.csproj", "{1620CDB9-8290-4702-8746-A7102AFEB176}"
EndProject
Global
	GlobalSection(SolutionConfigurationPlatforms) = preSolution
		Debug|Any CPU = Debug|Any CPU
		Release|Any CPU = Release|Any CPU
	EndGlobalSection
	GlobalSection(ProjectConfigurationPlatforms) = postSolution
		{1620CDB9-8290-4702-8746-A7102AFEB176}.Debug|Any CPU.ActiveCfg = Debug|Any CPU
		{1620CDB9-8290-4702-8746-A7102AFEB176}.Debug|Any CPU.Build.0 = Debug|Any CPU
		{1620CDB9-8290-4702-8746-A7102AFEB176}.Release|Any CPU.ActiveCfg = Release|Any CPU
		{1620CDB9-8290-4702-8746-A7102AFEB176}.Release|Any CPU.Build.0 = Release|Any CPU
	EndGlobalSection
	GlobalSection(SolutionProperties) = preSolution
		HideSolutionNode = FALSE
	EndGlobalSection
	GlobalSection(ExtensibilityGlobals) = postSolution
		SolutionGuid = {6FBEEC21-B112-4743-9745-24215824B3F6}
	EndGlobalSection
EndGlobal
