
Microsoft Visual Studio Solution File, Format Version 12.00
# Visual Studio Version 17
VisualStudioVersion = 17.8.34525.116
MinimumVisualStudioVersion = 10.0.40219.1
Project("{FAE04EC0-301F-11D3-BF4B-00C04F79EFBC}") = "EssentialTools", "EssentialTools\EssentialTools.csproj", "{F3B36112-048B-4372-B6B5-B7568B49966D}"
EndProject
Global
	GlobalSection(SolutionConfigurationPlatforms) = preSolution
		Debug|Any CPU = Debug|Any CPU
		Release|Any CPU = Release|Any CPU
	EndGlobalSection
	GlobalSection(ProjectConfigurationPlatforms) = postSolution
		{F3B36112-048B-4372-B6B5-B7568B49966D}.Debug|Any CPU.ActiveCfg = Debug|Any CPU
		{F3B36112-048B-4372-B6B5-B7568B49966D}.Debug|Any CPU.Build.0 = Debug|Any CPU
		{F3B36112-048B-4372-B6B5-B7568B49966D}.Release|Any CPU.ActiveCfg = Release|Any CPU
		{F3B36112-048B-4372-B6B5-B7568B49966D}.Release|Any CPU.Build.0 = Release|Any CPU
	EndGlobalSection
	GlobalSection(SolutionProperties) = preSolution
		HideSolutionNode = FALSE
	EndGlobalSection
	GlobalSection(ExtensibilityGlobals) = postSolution
		SolutionGuid = {194FF0BB-8BBF-4ABF-896B-FA98CEB734DA}
	EndGlobalSection
EndGlobal
